
Microsoft Visual Studio Solution File, Format Version 12.00
# Visual Studio Version 17
VisualStudioVersion = 17.13.35919.96
MinimumVisualStudioVersion = 10.0.40219.1
Project("{FAE04EC0-301F-11D3-BF4B-00C04F79EFBC}") = "UserServiceTestProject", "UserServiceTestProject.csproj", "{19EF8A31-78FE-4F5C-96BA-D6FFF095ADA6}"
EndProject
Project("{FAE04EC0-301F-11D3-BF4B-00C04F79EFBC}") = "UserServiceTestProject.UnitTests", "..\UserService.UnitTests\UserServiceTestProject.UnitTests.csproj", "{94A987BB-3F6E-4875-B338-117F019762B7}"
EndProject
Global
	GlobalSection(SolutionConfigurationPlatforms) = preSolution
		Debug|Any CPU = Debug|Any CPU
		Release|Any CPU = Release|Any CPU
	EndGlobalSection
	GlobalSection(ProjectConfigurationPlatforms) = postSolution
		{19EF8A31-78FE-4F5C-96BA-D6FFF095ADA6}.Debug|Any CPU.ActiveCfg = Debug|Any CPU
		{19EF8A31-78FE-4F5C-96BA-D6FFF095ADA6}.Debug|Any CPU.Build.0 = Debug|Any CPU
		{19EF8A31-78FE-4F5C-96BA-D6FFF095ADA6}.Release|Any CPU.ActiveCfg = Release|Any CPU
		{19EF8A31-78FE-4F5C-96BA-D6FFF095ADA6}.Release|Any CPU.Build.0 = Release|Any CPU
		{94A987BB-3F6E-4875-B338-117F019762B7}.Debug|Any CPU.ActiveCfg = Debug|Any CPU
		{94A987BB-3F6E-4875-B338-117F019762B7}.Debug|Any CPU.Build.0 = Debug|Any CPU
		{94A987BB-3F6E-4875-B338-117F019762B7}.Release|Any CPU.ActiveCfg = Release|Any CPU
		{94A987BB-3F6E-4875-B338-117F019762B7}.Release|Any CPU.Build.0 = Release|Any CPU
	EndGlobalSection
	GlobalSection(SolutionProperties) = preSolution
		HideSolutionNode = FALSE
	EndGlobalSection
	GlobalSection(ExtensibilityGlobals) = postSolution
		SolutionGuid = {FF0B14E6-28B4-4AE5-9E52-97729DE00C26}
	EndGlobalSection
EndGlobal
